
Microsoft Visual Studio Solution File, Format Version 12.00
# Visual Studio 15
VisualStudioVersion = 15.0.27130.2010
MinimumVisualStudioVersion = 10.0.40219.1
Project("{FAE04EC0-301F-11D3-BF4B-00C04F79EFBC}") = "MyCalculator", "MyCalculator\MyCalculator.csproj", "{84106ED3-3736-4668-BE9E-2BD5481AED9D}"
EndProject
Global
	GlobalSection(SolutionConfigurationPlatforms) = preSolution
		Debug|Any CPU = Debug|Any CPU
		Release|Any CPU = Release|Any CPU
	EndGlobalSection
	GlobalSection(ProjectConfigurationPlatforms) = postSolution
		{84106ED3-3736-4668-BE9E-2BD5481AED9D}.Debug|Any CPU.ActiveCfg = Debug|Any CPU
		{84106ED3-3736-4668-BE9E-2BD5481AED9D}.Debug|Any CPU.Build.0 = Debug|Any CPU
		{84106ED3-3736-4668-BE9E-2BD5481AED9D}.Release|Any CPU.ActiveCfg = Release|Any CPU
		{84106ED3-3736-4668-BE9E-2BD5481AED9D}.Release|Any CPU.Build.0 = Release|Any CPU
	EndGlobalSection
	GlobalSection(SolutionProperties) = preSolution
		HideSolutionNode = FALSE
	EndGlobalSection
	GlobalSection(ExtensibilityGlobals) = postSolution
		SolutionGuid = {EDD4DA1A-679D-4A06-AA23-2D72EDD56D17}
	EndGlobalSection
EndGlobal
